schema: '2.0'
stages:
  data_ingestion:
    cmd: python src/components/data_ingestion.py
    deps:
    - path: src/components/data_ingestion.py
      hash: md5
      md5: 8e211ca7ec2f75c33cd67fd0521521cc
      size: 2469
    outs:
    - path: data/raw/
      hash: md5
      md5: e7dd2deb422ee0d34d49e1e1076b3f6a.dir
      size: 13777885
      nfiles: 3
  data_preprocessing:
    cmd: python src/components/data_preprocessing.py
    deps:
    - path: data/raw/
      hash: md5
      md5: e7dd2deb422ee0d34d49e1e1076b3f6a.dir
      size: 13777885
      nfiles: 3
    - path: src/components/data_preprocessing.py
      hash: md5
      md5: 352ab27ba4ded0105b2cb1ef72e1c4eb
      size: 3138
    - path: src/utils/preprocessing.py
      hash: md5
      md5: f367c1effd699208b5e6da28fff59a82
      size: 985
    outs:
    - path: data/processed/
      hash: md5
      md5: 4e875ad46bd68649648b641cb20c1ba6.dir
      size: 11844431
      nfiles: 2
  model_training:
    cmd: python src/pipeline/training_pipeline.py
    deps:
    - path: data/processed/
      hash: md5
      md5: 4e875ad46bd68649648b641cb20c1ba6.dir
      size: 11844431
      nfiles: 2
    - path: src/pipeline/training_pipeline.py
      hash: md5
      md5: d09062ee7b9887cd6b9f9c8852ee98d2
      size: 3110
    - path: src/utils/preprocessing.py
      hash: md5
      md5: f367c1effd699208b5e6da28fff59a82
      size: 985
    outs:
    - path: artifacts/
      hash: md5
      md5: 48649a991ce3bb6be4e181bbbbf9bb16.dir
      size: 4880150
      nfiles: 2
